<?xml version="1.0" encoding="UTF-8" standalone="yes" ?>
<CodeBlocks_project_file>
	<FileVersion major="1" minor="6" />
	<Project>
		<Option title="STU" />
		<Option pch_mode="2" />
		<Option compiler="gcc" />
		<Build>
			<Target title="Debug">
				<Option output="bin/Debug/STU" prefix_auto="1" extension_auto="1" />
				<Option object_output="obj/Debug/" />
				<Option type="1" />
				<Option compiler="gcc" />
				<Compiler>
					<Add option="-g" />
				</Compiler>
				<Linker>
					<Add option="-lsfml-system-d" />
					<Add option="-lsfml-window-d" />
					<Add option="-lsfml-graphics-d" />
					<Add option="-lsfml-audio-d" />
					<Add option="-lsfml-network-d" />
				</Linker>
			</Target>
			<Target title="Release">
				<Option output="STU" prefix_auto="1" extension_auto="1" />
				<Option object_output="obj/Release/" />
				<Option type="0" />
				<Option compiler="gcc" />
				<Compiler>
					<Add option="-O2" />
				</Compiler>
				<Linker>
					<Add option="-s" />
					<Add option="-lsfml-system" />
					<Add option="-lsfml-window" />
					<Add option="-lsfml-graphics" />
					<Add option="-lsfml-audio" />
					<Add option="-lsfml-network" />
				</Linker>
			</Target>
		</Build>
		<Compiler>
			<Add option="-pedantic" />
			<Add option="-Wall" />
			<Add option="-fexceptions -std=c++11" />
			<Add directory="." />
		</Compiler>
		<Linker>
			<Add directory="SFML/libGCC_4_7" />
		</Linker>
		<Unit filename="Background.cpp" />
		<Unit filename="Background.h" />
		<Unit filename="BulletManager.cpp" />
		<Unit filename="BulletManager.h" />
		<Unit filename="Game.cpp" />
		<Unit filename="Game.h" />
		<Unit filename="GameInputEventProcessor.cpp" />
		<Unit filename="GameInputEventProcessor.h" />
		<Unit filename="GameInterface.cpp" />
		<Unit filename="GameInterface.h" />
		<Unit filename="Hero.cpp" />
		<Unit filename="Hero.h" />
		<Unit filename="HeroCollider.cpp" />
		<Unit filename="HeroCollider.h" />
		<Unit filename="HeroController.cpp" />
		<Unit filename="HeroController.h" />
		<Unit filename="Level.cpp" />
		<Unit filename="Level.h" />
		<Unit filename="Monster.cpp" />
		<Unit filename="Monster.h" />
		<Unit filename="MonsterControler.cpp" />
		<Unit filename="MonsterControler.h" />
		<Unit filename="MonsterManager.cpp" />
		<Unit filename="MonsterManager.h" />
		<Unit filename="Renderer.cpp" />
		<Unit filename="Renderer.h" />
		<Unit filename="TextureManager.cpp" />
		<Unit filename="TextureManager.h" />
		<Unit filename="animation.h" />
		<Unit filename="collision.h" />
		<Unit filename="main.cpp" />
		<Unit filename="using.h" />
		<Extensions>
			<code_completion />
			<envvars />
			<debugger />
			<lib_finder disable_auto="1" />
			<DoxyBlocks>
				<comment_style block="0" line="0" />
				<doxyfile_project />
				<doxyfile_build />
				<doxyfile_warnings />
				<doxyfile_output />
				<doxyfile_dot />
				<general />
			</DoxyBlocks>
		</Extensions>
	</Project>
</CodeBlocks_project_file>
